// !$*UTF8*$!
{
	archiveVersion = 1;
	classes = {
	};
	objectVersion = 51;
	objects = {

/* Begin PBXBuildFile section */
		3259D05C616AF3F1F5DA722F /* Pods_FriendsDiary.framework in Frameworks */ = {isa = PBXBuildFile; fileRef = 2ED1D008B2F5D4001AF2EC11 /* Pods_FriendsDiary.framework */; };
		9B2AB175264A68F4004C5C01 /* Item.swift in Sources */ = {isa = PBXBuildFile; fileRef = 9B2AB174264A68F4004C5C01 /* Item.swift */; };
		9B2AB178264A730A004C5C01 /* AsyncImage.swift in Sources */ = {isa = PBXBuildFile; fileRef = 9B2AB177264A730A004C5C01 /* AsyncImage.swift */; };
		9B2AB17A264A732E004C5C01 /* ImageCacheKey.swift in Sources */ = {isa = PBXBuildFile; fileRef = 9B2AB179264A732E004C5C01 /* ImageCacheKey.swift */; };
		9B2AB17C264A734C004C5C01 /* EnvironmentValues.swift in Sources */ = {isa = PBXBuildFile; fileRef = 9B2AB17B264A734C004C5C01 /* EnvironmentValues.swift */; };
		9B2AB17E264A7368004C5C01 /* ImageCache.swift in Sources */ = {isa = PBXBuildFile; fileRef = 9B2AB17D264A7368004C5C01 /* ImageCache.swift */; };
		9B2AB180264A7387004C5C01 /* ImageLoader.swift in Sources */ = {isa = PBXBuildFile; fileRef = 9B2AB17F264A7387004C5C01 /* ImageLoader.swift */; };
		9B5B4A10264850E300031B60 /* FriendsDiaryApp.swift in Sources */ = {isa = PBXBuildFile; fileRef = 9B5B4A0F264850E300031B60 /* FriendsDiaryApp.swift */; };
		9B5B4A14264850E400031B60 /* Assets.xcassets in Resources */ = {isa = PBXBuildFile; fileRef = 9B5B4A13264850E400031B60 /* Assets.xcassets */; };
		9B5B4A17264850E400031B60 /* Preview Assets.xcassets in Resources */ = {isa = PBXBuildFile; fileRef = 9B5B4A16264850E400031B60 /* Preview Assets.xcassets */; };
		9B6BB7262648524500858257 /* AppDelegate.swift in Sources */ = {isa = PBXBuildFile; fileRef = 9B6BB7252648524500858257 /* AppDelegate.swift */; };
		9B7840552649A6C600AD22E7 /* ViewStatus.swift in Sources */ = {isa = PBXBuildFile; fileRef = 9B7840542649A6C600AD22E7 /* ViewStatus.swift */; };
		9B7840592649A7DD00AD22E7 /* MainView.swift in Sources */ = {isa = PBXBuildFile; fileRef = 9B7840582649A7DD00AD22E7 /* MainView.swift */; };
		9B78405E2649AC8000AD22E7 /* MainViewModel.swift in Sources */ = {isa = PBXBuildFile; fileRef = 9B78405D2649AC8000AD22E7 /* MainViewModel.swift */; };
		9B7840622649ADCF00AD22E7 /* GoogleService-Info.plist in Resources */ = {isa = PBXBuildFile; fileRef = 9B7840612649ADCF00AD22E7 /* GoogleService-Info.plist */; };
		9B7840642649AEBC00AD22E7 /* ViewBinder.swift in Sources */ = {isa = PBXBuildFile; fileRef = 9B7840632649AEBC00AD22E7 /* ViewBinder.swift */; };
		9B78406A2649BCA500AD22E7 /* dolbomch.ttf in Resources */ = {isa = PBXBuildFile; fileRef = 9B7840692649BCA500AD22E7 /* dolbomch.ttf */; };
		9B78406C2649BCB000AD22E7 /* LoginView.swift in Sources */ = {isa = PBXBuildFile; fileRef = 9B78406B2649BCB000AD22E7 /* LoginView.swift */; };
		9B883DF2264F59500032EA93 /* BottomSheetModal.swift in Sources */ = {isa = PBXBuildFile; fileRef = 9B883DF1264F59500032EA93 /* BottomSheetModal.swift */; };
		9B883DF4264F5E240032EA93 /* ViewExtensions.swift in Sources */ = {isa = PBXBuildFile; fileRef = 9B883DF3264F5E240032EA93 /* ViewExtensions.swift */; };
		9B883DF6264F751C0032EA93 /* ImagePickerView.swift in Sources */ = {isa = PBXBuildFile; fileRef = 9B883DF5264F751C0032EA93 /* ImagePickerView.swift */; };
		9B883DF9264F790A0032EA93 /* ImageCarouselView.swift in Sources */ = {isa = PBXBuildFile; fileRef = 9B883DF8264F790A0032EA93 /* ImageCarouselView.swift */; };
		9B95727C2648FE8300AE862B /* User.swift in Sources */ = {isa = PBXBuildFile; fileRef = 9B95727B2648FE8300AE862B /* User.swift */; };
/* End PBXBuildFile section */

/* Begin PBXFileReference section */
		2ED1D008B2F5D4001AF2EC11 /* Pods_FriendsDiary.framework */ = {isa = PBXFileReference; explicitFileType = wrapper.framework; includeInIndex = 0; path = Pods_FriendsDiary.framework; sourceTree = BUILT_PRODUCTS_DIR; };
		4CE89040EDD510F4022301DF /* Pods-FriendsDiary.debug.xcconfig */ = {isa = PBXFileReference; includeInIndex = 1; lastKnownFileType = text.xcconfig; name = "Pods-FriendsDiary.debug.xcconfig"; path = "Target Support Files/Pods-FriendsDiary/Pods-FriendsDiary.debug.xcconfig"; sourceTree = "<group>"; };
		9B2AB174264A68F4004C5C01 /* Item.swift */ = {isa = PBXFileReference; lastKnownFileType = sourcecode.swift; path = Item.swift; sourceTree = "<group>"; };
		9B2AB177264A730A004C5C01 /* AsyncImage.swift */ = {isa = PBXFileReference; lastKnownFileType = sourcecode.swift; path = AsyncImage.swift; sourceTree = "<group>"; };
		9B2AB179264A732E004C5C01 /* ImageCacheKey.swift */ = {isa = PBXFileReference; lastKnownFileType = sourcecode.swift; path = ImageCacheKey.swift; sourceTree = "<group>"; };
		9B2AB17B264A734C004C5C01 /* EnvironmentValues.swift */ = {isa = PBXFileReference; lastKnownFileType = sourcecode.swift; path = EnvironmentValues.swift; sourceTree = "<group>"; };
		9B2AB17D264A7368004C5C01 /* ImageCache.swift */ = {isa = PBXFileReference; lastKnownFileType = sourcecode.swift; path = ImageCache.swift; sourceTree = "<group>"; };
		9B2AB17F264A7387004C5C01 /* ImageLoader.swift */ = {isa = PBXFileReference; lastKnownFileType = sourcecode.swift; path = ImageLoader.swift; sourceTree = "<group>"; };
		9B5B4A0C264850E300031B60 /* FriendsDiary.app */ = {isa = PBXFileReference; explicitFileType = wrapper.application; includeInIndex = 0; path = FriendsDiary.app; sourceTree = BUILT_PRODUCTS_DIR; };
		9B5B4A0F264850E300031B60 /* FriendsDiaryApp.swift */ = {isa = PBXFileReference; lastKnownFileType = sourcecode.swift; path = FriendsDiaryApp.swift; sourceTree = "<group>"; };
		9B5B4A13264850E400031B60 /* Assets.xcassets */ = {isa = PBXFileReference; lastKnownFileType = folder.assetcatalog; path = Assets.xcassets; sourceTree = "<group>"; };
		9B5B4A16264850E400031B60 /* Preview Assets.xcassets */ = {isa = PBXFileReference; lastKnownFileType = folder.assetcatalog; path = "Preview Assets.xcassets"; sourceTree = "<group>"; };
		9B5B4A18264850E400031B60 /* Info.plist */ = {isa = PBXFileReference; lastKnownFileType = text.plist.xml; path = Info.plist; sourceTree = "<group>"; };
		9B6BB7252648524500858257 /* AppDelegate.swift */ = {isa = PBXFileReference; lastKnownFileType = sourcecode.swift; path = AppDelegate.swift; sourceTree = "<group>"; };
		9B7840542649A6C600AD22E7 /* ViewStatus.swift */ = {isa = PBXFileReference; lastKnownFileType = sourcecode.swift; path = ViewStatus.swift; sourceTree = "<group>"; };
		9B7840582649A7DD00AD22E7 /* MainView.swift */ = {isa = PBXFileReference; lastKnownFileType = sourcecode.swift; path = MainView.swift; sourceTree = "<group>"; };
		9B78405D2649AC8000AD22E7 /* MainViewModel.swift */ = {isa = PBXFileReference; lastKnownFileType = sourcecode.swift; path = MainViewModel.swift; sourceTree = "<group>"; };
		9B7840612649ADCF00AD22E7 /* GoogleService-Info.plist */ = {isa = PBXFileReference; fileEncoding = 4; lastKnownFileType = text.plist.xml; path = "GoogleService-Info.plist"; sourceTree = "<group>"; };
		9B7840632649AEBC00AD22E7 /* ViewBinder.swift */ = {isa = PBXFileReference; lastKnownFileType = sourcecode.swift; path = ViewBinder.swift; sourceTree = "<group>"; };
		9B7840692649BCA500AD22E7 /* dolbomch.ttf */ = {isa = PBXFileReference; lastKnownFileType = file; path = dolbomch.ttf; sourceTree = "<group>"; };
		9B78406B2649BCB000AD22E7 /* LoginView.swift */ = {isa = PBXFileReference; lastKnownFileType = sourcecode.swift; path = LoginView.swift; sourceTree = "<group>"; };
		9B883DF1264F59500032EA93 /* BottomSheetModal.swift */ = {isa = PBXFileReference; lastKnownFileType = sourcecode.swift; path = BottomSheetModal.swift; sourceTree = "<group>"; };
		9B883DF3264F5E240032EA93 /* ViewExtensions.swift */ = {isa = PBXFileReference; lastKnownFileType = sourcecode.swift; path = ViewExtensions.swift; sourceTree = "<group>"; };
		9B883DF5264F751C0032EA93 /* ImagePickerView.swift */ = {isa = PBXFileReference; lastKnownFileType = sourcecode.swift; path = ImagePickerView.swift; sourceTree = "<group>"; };
		9B883DF8264F790A0032EA93 /* ImageCarouselView.swift */ = {isa = PBXFileReference; lastKnownFileType = sourcecode.swift; path = ImageCarouselView.swift; sourceTree = "<group>"; };
		9B95727B2648FE8300AE862B /* User.swift */ = {isa = PBXFileReference; lastKnownFileType = sourcecode.swift; path = User.swift; sourceTree = "<group>"; };
		D8FDBAC2B4F31F6C4005FA08 /* Pods-FriendsDiary.release.xcconfig */ = {isa = PBXFileReference; includeInIndex = 1; lastKnownFileType = text.xcconfig; name = "Pods-FriendsDiary.release.xcconfig"; path = "Target Support Files/Pods-FriendsDiary/Pods-FriendsDiary.release.xcconfig"; sourceTree = "<group>"; };
/* End PBXFileReference section */

/* Begin PBXFrameworksBuildPhase section */
		9B5B4A09264850E300031B60 /* Frameworks */ = {
			isa = PBXFrameworksBuildPhase;
			buildActionMask = 2147483647;
			files = (
				3259D05C616AF3F1F5DA722F /* Pods_FriendsDiary.framework in Frameworks */,
			);
			runOnlyForDeploymentPostprocessing = 0;
		};
/* End PBXFrameworksBuildPhase section */

/* Begin PBXGroup section */
		02410E04B69B777E2CD4B0AC /* Frameworks */ = {
			isa = PBXGroup;
			children = (
				2ED1D008B2F5D4001AF2EC11 /* Pods_FriendsDiary.framework */,
			);
			name = Frameworks;
			sourceTree = "<group>";
		};
		27214BCB03F1A20A6C7194D7 /* Pods */ = {
			isa = PBXGroup;
			children = (
				4CE89040EDD510F4022301DF /* Pods-FriendsDiary.debug.xcconfig */,
				D8FDBAC2B4F31F6C4005FA08 /* Pods-FriendsDiary.release.xcconfig */,
			);
			path = Pods;
			sourceTree = "<group>";
		};
		9B2AB176264A72C0004C5C01 /* asyncimage */ = {
			isa = PBXGroup;
			children = (
				9B2AB177264A730A004C5C01 /* AsyncImage.swift */,
				9B2AB179264A732E004C5C01 /* ImageCacheKey.swift */,
				9B2AB17B264A734C004C5C01 /* EnvironmentValues.swift */,
				9B2AB17D264A7368004C5C01 /* ImageCache.swift */,
				9B2AB17F264A7387004C5C01 /* ImageLoader.swift */,
			);
			path = asyncimage;
			sourceTree = "<group>";
		};
		9B5B4A03264850E300031B60 = {
			isa = PBXGroup;
			children = (
				9B5B4A0E264850E300031B60 /* FriendsDiary */,
				9B5B4A0D264850E300031B60 /* Products */,
				27214BCB03F1A20A6C7194D7 /* Pods */,
				02410E04B69B777E2CD4B0AC /* Frameworks */,
			);
			sourceTree = "<group>";
		};
		9B5B4A0D264850E300031B60 /* Products */ = {
			isa = PBXGroup;
			children = (
				9B5B4A0C264850E300031B60 /* FriendsDiary.app */,
			);
			name = Products;
			sourceTree = "<group>";
		};
		9B5B4A0E264850E300031B60 /* FriendsDiary */ = {
			isa = PBXGroup;
			children = (
				9B7840572649A7C800AD22E7 /* activity */,
				9B7840682649BC8100AD22E7 /* font */,
				9B7840612649ADCF00AD22E7 /* GoogleService-Info.plist */,
				9B7840562649A7BE00AD22E7 /* ui */,
				9B95727A2648FE7900AE862B /* model */,
				9B5B4A0F264850E300031B60 /* FriendsDiaryApp.swift */,
				9B5B4A13264850E400031B60 /* Assets.xcassets */,
				9B5B4A18264850E400031B60 /* Info.plist */,
				9B5B4A15264850E400031B60 /* Preview Content */,
				9B6BB7252648524500858257 /* AppDelegate.swift */,
				9B78405D2649AC8000AD22E7 /* MainViewModel.swift */,
				9B7840632649AEBC00AD22E7 /* ViewBinder.swift */,
			);
			path = FriendsDiary;
			sourceTree = "<group>";
		};
		9B5B4A15264850E400031B60 /* Preview Content */ = {
			isa = PBXGroup;
			children = (
				9B5B4A16264850E400031B60 /* Preview Assets.xcassets */,
			);
			path = "Preview Content";
			sourceTree = "<group>";
		};
		9B7840562649A7BE00AD22E7 /* ui */ = {
			isa = PBXGroup;
			children = (
				9B883DF7264F78EE0032EA93 /* imagecarouselview */,
				9B883DF0264F59300032EA93 /* bottomsheet */,
				9B2AB176264A72C0004C5C01 /* asyncimage */,
				9B883DF5264F751C0032EA93 /* ImagePickerView.swift */,
			);
			path = ui;
			sourceTree = "<group>";
		};
		9B7840572649A7C800AD22E7 /* activity */ = {
			isa = PBXGroup;
			children = (
				9B7840582649A7DD00AD22E7 /* MainView.swift */,
				9B78406B2649BCB000AD22E7 /* LoginView.swift */,
			);
			path = activity;
			sourceTree = "<group>";
		};
		9B7840682649BC8100AD22E7 /* font */ = {
			isa = PBXGroup;
			children = (
				9B7840692649BCA500AD22E7 /* dolbomch.ttf */,
			);
			path = font;
			sourceTree = "<group>";
		};
		9B883DF0264F59300032EA93 /* bottomsheet */ = {
			isa = PBXGroup;
			children = (
				9B883DF1264F59500032EA93 /* BottomSheetModal.swift */,
				9B883DF3264F5E240032EA93 /* ViewExtensions.swift */,
			);
			path = bottomsheet;
			sourceTree = "<group>";
		};
		9B883DF7264F78EE0032EA93 /* imagecarouselview */ = {
			isa = PBXGroup;
			children = (
				9B883DF8264F790A0032EA93 /* ImageCarouselView.swift */,
			);
			path = imagecarouselview;
			sourceTree = "<group>";
		};
		9B95727A2648FE7900AE862B /* model */ = {
			isa = PBXGroup;
			children = (
				9B95727B2648FE8300AE862B /* User.swift */,
				9B7840542649A6C600AD22E7 /* ViewStatus.swift */,
				9B2AB174264A68F4004C5C01 /* Item.swift */,
			);
			path = model;
			sourceTree = "<group>";
		};
/* End PBXGroup section */

/* Begin PBXNativeTarget section */
		9B5B4A0B264850E300031B60 /* FriendsDiary */ = {
			isa = PBXNativeTarget;
			buildConfigurationList = 9B5B4A1B264850E400031B60 /* Build configuration list for PBXNativeTarget "FriendsDiary" */;
			buildPhases = (
				EB8B6E347195569FE7D75C27 /* [CP] Check Pods Manifest.lock */,
				9B5B4A08264850E300031B60 /* Sources */,
				9B5B4A09264850E300031B60 /* Frameworks */,
				9B5B4A0A264850E300031B60 /* Resources */,
				2A3662B66F32F997C600D1E0 /* [CP] Embed Pods Frameworks */,
			);
			buildRules = (
			);
			dependencies = (
			);
			name = FriendsDiary;
			packageProductDependencies = (
			);
			productName = FriendsDiary;
			productReference = 9B5B4A0C264850E300031B60 /* FriendsDiary.app */;
			productType = "com.apple.product-type.application";
		};
/* End PBXNativeTarget section */

/* Begin PBXProject section */
		9B5B4A04264850E300031B60 /* Project object */ = {
			isa = PBXProject;
			attributes = {
				LastSwiftUpdateCheck = 1250;
				LastUpgradeCheck = 1250;
				TargetAttributes = {
					9B5B4A0B264850E300031B60 = {
						CreatedOnToolsVersion = 12.5;
					};
				};
			};
			buildConfigurationList = 9B5B4A07264850E300031B60 /* Build configuration list for PBXProject "FriendsDiary" */;
			compatibilityVersion = "Xcode 9.3";
			developmentRegion = en;
			hasScannedForEncodings = 0;
			knownRegions = (
				en,
				Base,
			);
			mainGroup = 9B5B4A03264850E300031B60;
			packageReferences = (
			);
			productRefGroup = 9B5B4A0D264850E300031B60 /* Products */;
			projectDirPath = "";
			projectRoot = "";
			targets = (
				9B5B4A0B264850E300031B60 /* FriendsDiary */,
			);
		};
/* End PBXProject section */

/* Begin PBXResourcesBuildPhase section */
		9B5B4A0A264850E300031B60 /* Resources */ = {
			isa = PBXResourcesBuildPhase;
			buildActionMask = 2147483647;
			files = (
				9B78406A2649BCA500AD22E7 /* dolbomch.ttf in Resources */,
				9B5B4A17264850E400031B60 /* Preview Assets.xcassets in Resources */,
				9B5B4A14264850E400031B60 /* Assets.xcassets in Resources */,
				9B7840622649ADCF00AD22E7 /* GoogleService-Info.plist in Resources */,
			);
			runOnlyForDeploymentPostprocessing = 0;
		};
/* End PBXResourcesBuildPhase section */

/* Begin PBXShellScriptBuildPhase section */
		2A3662B66F32F997C600D1E0 /* [CP] Embed Pods Frameworks */ = {
			isa = PBXShellScriptBuildPhase;
			buildActionMask = 2147483647;
			files = (
			);
			inputFileListPaths = (
				"${PODS_ROOT}/Target Support Files/Pods-FriendsDiary/Pods-FriendsDiary-frameworks-${CONFIGURATION}-input-files.xcfilelist",
			);
			name = "[CP] Embed Pods Frameworks";
			outputFileListPaths = (
				"${PODS_ROOT}/Target Support Files/Pods-FriendsDiary/Pods-FriendsDiary-frameworks-${CONFIGURATION}-output-files.xcfilelist",
			);
			runOnlyForDeploymentPostprocessing = 0;
			shellPath = /bin/sh;
			shellScript = "\"${PODS_ROOT}/Target Support Files/Pods-FriendsDiary/Pods-FriendsDiary-frameworks.sh\"\n";
			showEnvVarsInLog = 0;
		};
		EB8B6E347195569FE7D75C27 /* [CP] Check Pods Manifest.lock */ = {
			isa = PBXShellScriptBuildPhase;
			buildActionMask = 2147483647;
			files = (
			);
			inputFileListPaths = (
			);
			inputPaths = (
				"${PODS_PODFILE_DIR_PATH}/Podfile.lock",
				"${PODS_ROOT}/Manifest.lock",
			);
			name = "[CP] Check Pods Manifest.lock";
			outputFileListPaths = (
			);
			outputPaths = (
				"$(DERIVED_FILE_DIR)/Pods-FriendsDiary-checkManifestLockResult.txt",
			);
			runOnlyForDeploymentPostprocessing = 0;
			shellPath = /bin/sh;
			shellScript = "diff \"${PODS_PODFILE_DIR_PATH}/Podfile.lock\" \"${PODS_ROOT}/Manifest.lock\" > /dev/null\nif [ $? != 0 ] ; then\n    # print error to STDERR\n    echo \"error: The sandbox is not in sync with the Podfile.lock. Run 'pod install' or update your CocoaPods installation.\" >&2\n    exit 1\nfi\n# This output is used by Xcode 'outputs' to avoid re-running this script phase.\necho \"SUCCESS\" > \"${SCRIPT_OUTPUT_FILE_0}\"\n";
			showEnvVarsInLog = 0;
		};
/* End PBXShellScriptBuildPhase section */

/* Begin PBXSourcesBuildPhase section */
		9B5B4A08264850E300031B60 /* Sources */ = {
			isa = PBXSourcesBuildPhase;
			buildActionMask = 2147483647;
			files = (
				9B2AB180264A7387004C5C01 /* ImageLoader.swift in Sources */,
				9B2AB17A264A732E004C5C01 /* ImageCacheKey.swift in Sources */,
				9B2AB178264A730A004C5C01 /* AsyncImage.swift in Sources */,
				9B78405E2649AC8000AD22E7 /* MainViewModel.swift in Sources */,
				9B2AB175264A68F4004C5C01 /* Item.swift in Sources */,
				9B2AB17E264A7368004C5C01 /* ImageCache.swift in Sources */,
				9B883DF9264F790A0032EA93 /* ImageCarouselView.swift in Sources */,
				9B95727C2648FE8300AE862B /* User.swift in Sources */,
				9B7840642649AEBC00AD22E7 /* ViewBinder.swift in Sources */,
				9B7840592649A7DD00AD22E7 /* MainView.swift in Sources */,
				9B2AB17C264A734C004C5C01 /* EnvironmentValues.swift in Sources */,
				9B883DF4264F5E240032EA93 /* ViewExtensions.swift in Sources */,
				9B6BB7262648524500858257 /* AppDelegate.swift in Sources */,
				9B7840552649A6C600AD22E7 /* ViewStatus.swift in Sources */,
				9B78406C2649BCB000AD22E7 /* LoginView.swift in Sources */,
				9B883DF2264F59500032EA93 /* BottomSheetModal.swift in Sources */,
				9B5B4A10264850E300031B60 /* FriendsDiaryApp.swift in Sources */,
				9B883DF6264F751C0032EA93 /* ImagePickerView.swift in Sources */,
			);
			runOnlyForDeploymentPostprocessing = 0;
		};
/* End PBXSourcesBuildPhase section */

/* Begin XCBuildConfiguration section */
		9B5B4A19264850E400031B60 /* Debug */ = {
			isa = XCBuildConfiguration;
			buildSettings = {
				ALWAYS_SEARCH_USER_PATHS = NO;
				CLANG_ANALYZER_NONNULL = YES;
				CLANG_ANALYZER_NUMBER_OBJECT_CONVERSION = YES_AGGRESSIVE;
				CLANG_CXX_LANGUAGE_STANDARD = "gnu++14";
				CLANG_CXX_LIBRARY = "libc++";
				CLANG_ENABLE_MODULES = YES;
				CLANG_ENABLE_OBJC_ARC = YES;
				CLANG_ENABLE_OBJC_WEAK = YES;
				CLANG_WARN_BLOCK_CAPTURE_AUTORELEASING = YES;
				CLANG_WARN_BOOL_CONVERSION = YES;
				CLANG_WARN_COMMA = YES;
				CLANG_WARN_CONSTANT_CONVERSION = YES;
				CLANG_WARN_DEPRECATED_OBJC_IMPLEMENTATIONS = YES;
				CLANG_WARN_DIRECT_OBJC_ISA_USAGE = YES_ERROR;
				CLANG_WARN_DOCUMENTATION_COMMENTS = YES;
				CLANG_WARN_EMPTY_BODY = YES;
				CLANG_WARN_ENUM_CONVERSION = YES;
				CLANG_WARN_INFINITE_RECURSION = YES;
				CLANG_WARN_INT_CONVERSION = YES;
				CLANG_WARN_NON_LITERAL_NULL_CONVERSION = YES;
				CLANG_WARN_OBJC_IMPLICIT_RETAIN_SELF = YES;
				CLANG_WARN_OBJC_LITERAL_CONVERSION = YES;
				CLANG_WARN_OBJC_ROOT_CLASS = YES_ERROR;
				CLANG_WARN_QUOTED_INCLUDE_IN_FRAMEWORK_HEADER = YES;
				CLANG_WARN_RANGE_LOOP_ANALYSIS = YES;
				CLANG_WARN_STRICT_PROTOTYPES = YES;
				CLANG_WARN_SUSPICIOUS_MOVE = YES;
				CLANG_WARN_UNGUARDED_AVAILABILITY = YES_AGGRESSIVE;
				CLANG_WARN_UNREACHABLE_CODE = YES;
				CLANG_WARN__DUPLICATE_METHOD_MATCH = YES;
				COPY_PHASE_STRIP = NO;
				DEBUG_INFORMATION_FORMAT = dwarf;
				ENABLE_STRICT_OBJC_MSGSEND = YES;
				ENABLE_TESTABILITY = YES;
				GCC_C_LANGUAGE_STANDARD = gnu11;
				GCC_DYNAMIC_NO_PIC = NO;
				GCC_NO_COMMON_BLOCKS = YES;
				GCC_OPTIMIZATION_LEVEL = 0;
				GCC_PREPROCESSOR_DEFINITIONS = (
					"DEBUG=1",
					"$(inherited)",
				);
				GCC_WARN_64_TO_32_BIT_CONVERSION = YES;
				GCC_WARN_ABOUT_RETURN_TYPE = YES_ERROR;
				GCC_WARN_UNDECLARED_SELECTOR = YES;
				GCC_WARN_UNINITIALIZED_AUTOS = YES_AGGRESSIVE;
				GCC_WARN_UNUSED_FUNCTION = YES;
				GCC_WARN_UNUSED_VARIABLE = YES;
				IPHONEOS_DEPLOYMENT_TARGET = 14.5;
				MTL_ENABLE_DEBUG_INFO = INCLUDE_SOURCE;
				MTL_FAST_MATH = YES;
				ONLY_ACTIVE_ARCH = YES;
				SDKROOT = iphoneos;
				SWIFT_ACTIVE_COMPILATION_CONDITIONS = DEBUG;
				SWIFT_OPTIMIZATION_LEVEL = "-Onone";
			};
			name = Debug;
		};
		9B5B4A1A264850E400031B60 /* Release */ = {
			isa = XCBuildConfiguration;
			buildSettings = {
				ALWAYS_SEARCH_USER_PATHS = NO;
				CLANG_ANALYZER_NONNULL = YES;
				CLANG_ANALYZER_NUMBER_OBJECT_CONVERSION = YES_AGGRESSIVE;
				CLANG_CXX_LANGUAGE_STANDARD = "gnu++14";
				CLANG_CXX_LIBRARY = "libc++";
				CLANG_ENABLE_MODULES = YES;
				CLANG_ENABLE_OBJC_ARC = YES;
				CLANG_ENABLE_OBJC_WEAK = YES;
				CLANG_WARN_BLOCK_CAPTURE_AUTORELEASING = YES;
				CLANG_WARN_BOOL_CONVERSION = YES;
				CLANG_WARN_COMMA = YES;
				CLANG_WARN_CONSTANT_CONVERSION = YES;
				CLANG_WARN_DEPRECATED_OBJC_IMPLEMENTATIONS = YES;
				CLANG_WARN_DIRECT_OBJC_ISA_USAGE = YES_ERROR;
				CLANG_WARN_DOCUMENTATION_COMMENTS = YES;
				CLANG_WARN_EMPTY_BODY = YES;
				CLANG_WARN_ENUM_CONVERSION = YES;
				CLANG_WARN_INFINITE_RECURSION = YES;
				CLANG_WARN_INT_CONVERSION = YES;
				CLANG_WARN_NON_LITERAL_NULL_CONVERSION = YES;
				CLANG_WARN_OBJC_IMPLICIT_RETAIN_SELF = YES;
				CLANG_WARN_OBJC_LITERAL_CONVERSION = YES;
				CLANG_WARN_OBJC_ROOT_CLASS = YES_ERROR;
				CLANG_WARN_QUOTED_INCLUDE_IN_FRAMEWORK_HEADER = YES;
				CLANG_WARN_RANGE_LOOP_ANALYSIS = YES;
				CLANG_WARN_STRICT_PROTOTYPES = YES;
				CLANG_WARN_SUSPICIOUS_MOVE = YES;
				CLANG_WARN_UNGUARDED_AVAILABILITY = YES_AGGRESSIVE;
				CLANG_WARN_UNREACHABLE_CODE = YES;
				CLANG_WARN__DUPLICATE_METHOD_MATCH = YES;
				COPY_PHASE_STRIP = NO;
				DEBUG_INFORMATION_FORMAT = "dwarf-with-dsym";
				ENABLE_NS_ASSERTIONS = NO;
				ENABLE_STRICT_OBJC_MSGSEND = YES;
				GCC_C_LANGUAGE_STANDARD = gnu11;
				GCC_NO_COMMON_BLOCKS = YES;
				GCC_WARN_64_TO_32_BIT_CONVERSION = YES;
				GCC_WARN_ABOUT_RETURN_TYPE = YES_ERROR;
				GCC_WARN_UNDECLARED_SELECTOR = YES;
				GCC_WARN_UNINITIALIZED_AUTOS = YES_AGGRESSIVE;
				GCC_WARN_UNUSED_FUNCTION = YES;
				GCC_WARN_UNUSED_VARIABLE = YES;
				IPHONEOS_DEPLOYMENT_TARGET = 14.5;
				MTL_ENABLE_DEBUG_INFO = NO;
				MTL_FAST_MATH = YES;
				SDKROOT = iphoneos;
				SWIFT_COMPILATION_MODE = wholemodule;
				SWIFT_OPTIMIZATION_LEVEL = "-O";
				VALIDATE_PRODUCT = YES;
			};
			name = Release;
		};
		9B5B4A1C264850E400031B60 /* Debug */ = {
			isa = XCBuildConfiguration;
			baseConfigurationReference = 4CE89040EDD510F4022301DF /* Pods-FriendsDiary.debug.xcconfig */;
			buildSettings = {
				ASSETCATALOG_COMPILER_APPICON_NAME = AppIcon;
				ASSETCATALOG_COMPILER_GLOBAL_ACCENT_COLOR_NAME = AccentColor;
				CODE_SIGN_STYLE = Automatic;
				DEVELOPMENT_ASSET_PATHS = "\"FriendsDiary/Preview Content\"";
				DEVELOPMENT_TEAM = 42G2R96857;
				ENABLE_PREVIEWS = YES;
				INFOPLIST_FILE = FriendsDiary/Info.plist;
				IPHONEOS_DEPLOYMENT_TARGET = 14.0;
				LD_RUNPATH_SEARCH_PATHS = (
					"$(inherited)",
					"@executable_path/Frameworks",
				);
				PRODUCT_BUNDLE_IDENTIFIER = me.sungbin.FriendsDiary;
				PRODUCT_NAME = "$(TARGET_NAME)";
				SWIFT_VERSION = 5.0;
				TARGETED_DEVICE_FAMILY = "1,2";
			};
			name = Debug;
		};
		9B5B4A1D264850E400031B60 /* Release */ = {
			isa = XCBuildConfiguration;
			baseConfigurationReference = D8FDBAC2B4F31F6C4005FA08 /* Pods-FriendsDiary.release.xcconfig */;
			buildSettings = {
				ASSETCATALOG_COMPILER_APPICON_NAME = AppIcon;
				ASSETCATALOG_COMPILER_GLOBAL_ACCENT_COLOR_NAME = AccentColor;
				CODE_SIGN_STYLE = Automatic;
				DEVELOPMENT_ASSET_PATHS = "\"FriendsDiary/Preview Content\"";
				DEVELOPMENT_TEAM = 42G2R96857;
				ENABLE_PREVIEWS = YES;
				INFOPLIST_FILE = FriendsDiary/Info.plist;
				IPHONEOS_DEPLOYMENT_TARGET = 14.0;
				LD_RUNPATH_SEARCH_PATHS = (
					"$(inherited)",
					"@executable_path/Frameworks",
				);
				PRODUCT_BUNDLE_IDENTIFIER = me.sungbin.FriendsDiary;
				PRODUCT_NAME = "$(TARGET_NAME)";
				SWIFT_VERSION = 5.0;
				TARGETED_DEVICE_FAMILY = "1,2";
			};
			name = Release;
		};
/* End XCBuildConfiguration section */

/* Begin XCConfigurationList section */
		9B5B4A07264850E300031B60 /* Build configuration list for PBXProject "FriendsDiary" */ = {
			isa = XCConfigurationList;
			buildConfigurations = (
				9B5B4A19264850E400031B60 /* Debug */,
				9B5B4A1A264850E400031B60 /* Release */,
			);
			defaultConfigurationIsVisible = 0;
			defaultConfigurationName = Release;
		};
		9B5B4A1B264850E400031B60 /* Build configuration list for PBXNativeTarget "FriendsDiary" */ = {
			isa = XCConfigurationList;
			buildConfigurations = (
				9B5B4A1C264850E400031B60 /* Debug */,
				9B5B4A1D264850E400031B60 /* Release */,
			);
			defaultConfigurationIsVisible = 0;
			defaultConfigurationName = Release;
		};
/* End XCConfigurationList section */
	};
	rootObject = 9B5B4A04264850E300031B60 /* Project object */;
}
