{
  "object": {
    "pins": [
      {
        "package": "SimpleToast",
        "repositoryURL": "https://github.com/sanzaru/SimpleToast.git",
        "state": {
          "branch": null,
          "revision": "bfcb751606105f8211cd733520d051b1a75bd91e",
          "version": "0.2.0"
        }
      }
    ]
  },
  "version": 1
}
